<?xml version="1.0" encoding="utf-8"?>
<Project ToolsVersion="4.0" xmlns="http://schemas.microsoft.com/developer/msbuild/2003">
  <ItemGroup>
    <Filter Include="Source Files">
      <UniqueIdentifier>{4FC737F1-C7A5-4376-A066-2A32D752A2FF}</UniqueIdentifier>
      <Extensions>cpp;c;cc;cxx;def;odl;idl;hpj;bat;asm;asmx</Extensions>
    </Filter>
    <Filter Include="Header Files">
      <UniqueIdentifier>{93995380-89BD-4b04-88EB-625FBE52EBFB}</UniqueIdentifier>
      <Extensions>h;hh;hpp;hxx;hm;inl;inc;xsd</Extensions>
    </Filter>
    <Filter Include="Resource Files">
      <UniqueIdentifier>{D9D6E242-F8AF-46E4-B9FD-80ECBC20BA3E}</UniqueIdentifier>
      <Extensions>qrc;*</Extensions>
      <ParseFiles>false</ParseFiles>
    </Filter>
    <Filter Include="Form Files">
      <UniqueIdentifier>{99349809-55BA-4b9d-BF79-8FDBB0286EB3}</UniqueIdentifier>
      <Extensions>ui</Extensions>
    </Filter>
    <Filter Include="Resource Files">
      <UniqueIdentifier>{D9D6E242-F8AF-46E4-B9FD-80ECBC20BA3E}</UniqueIdentifier>
      <Extensions>qrc;*</Extensions>
      <ParseFiles>false</ParseFiles>
    </Filter>
    <Filter Include="Generated Files">
      <UniqueIdentifier>{71ED8ED8-ACB9-4CE9-BBE1-E00B30144E11}</UniqueIdentifier>
      <Extensions>moc;h;cpp</Extensions>
      <SourceControlFiles>False</SourceControlFiles>
    </Filter>
    <Filter Include="Generated Files\Debug">
      <UniqueIdentifier>{e84bcba8-3124-4cdc-9460-078f6c1c59c9}</UniqueIdentifier>
      <Extensions>cpp;moc</Extensions>
      <SourceControlFiles>False</SourceControlFiles>
    </Filter>
    <Filter Include="Generated Files\Release">
      <UniqueIdentifier>{cda8e70d-2b67-4ffa-80fc-da1f54e1ced4}</UniqueIdentifier>
      <Extensions>cpp;moc</Extensions>
      <SourceControlFiles>False</SourceControlFiles>
    </Filter>
  </ItemGroup>
  <ItemGroup>
    <ClCompile Include="main.cpp">
      <Filter>Source Files</Filter>
    </ClCompile>
    <ClCompile Include="motorTest1.cpp">
      <Filter>Source Files</Filter>
    </ClCompile>
    <ClCompile Include="SCLLibHelper.cpp">
      <Filter>Source Files</Filter>
    </ClCompile>
    <ClCompile Include="App.cpp">
      <Filter>Source Files</Filter>
    </ClCompile>
    <ClCompile Include="frmLogin.cpp">
      <Filter>Source Files</Filter>
    </ClCompile>
    <ClCompile Include="frmMainWidget.cpp">
      <Filter>Source Files</Filter>
    </ClCompile>
    <ClCompile Include="frmReadFormula.cpp">
      <Filter>Source Files</Filter>
    </ClCompile>
    <ClCompile Include="frmSelfTest.cpp">
      <Filter>Source Files</Filter>
    </ClCompile>
    <ClCompile Include="frmPrepareDrug.cpp">
      <Filter>Source Files</Filter>
    </ClCompile>
    <ClCompile Include="frmDispenseProcess.cpp">
      <Filter>Source Files</Filter>
    </ClCompile>
    <ClCompile Include="frmDispenseFinish.cpp">
      <Filter>Source Files</Filter>
    </ClCompile>
    <ClCompile Include="frmRecipeSetting.cpp">
      <Filter>Source Files</Filter>
    </ClCompile>
    <ClCompile Include="frmSystemSetting.cpp">
      <Filter>Source Files</Filter>
    </ClCompile>
    <ClCompile Include="AppInit.cpp">
      <Filter>Source Files</Filter>
    </ClCompile>
    <ClCompile Include="MotorManager.cpp">
      <Filter>Source Files</Filter>
    </ClCompile>
    <ClCompile Include="FsmState2.cpp">
      <Filter>Source Files</Filter>
    </ClCompile>
    <ClCompile Include="fscommon.cpp">
      <Filter>Source Files</Filter>
    </ClCompile>
    <ClCompile Include="frmSystemParamSetting.cpp">
      <Filter>Source Files</Filter>
    </ClCompile>
    <ClCompile Include="MyHelp.cpp">
      <Filter>Source Files</Filter>
    </ClCompile>
    <ClCompile Include="frmAccountManager.cpp">
      <Filter>Source Files</Filter>
    </ClCompile>
    <ClCompile Include="ForceSensorModule.cpp">
      <Filter>Source Files</Filter>
    </ClCompile>
    <ClCompile Include="TestForm1.cpp">
      <Filter>Source Files</Filter>
    </ClCompile>
    <ClCompile Include="User.cpp">
      <Filter>Source Files</Filter>
    </ClCompile>
    <ClCompile Include="dbconnection.cpp">
      <Filter>Source Files</Filter>
    </ClCompile>
    <ClCompile Include="UserManager.cpp">
      <Filter>Source Files</Filter>
    </ClCompile>
    <ClCompile Include="FormulaManager.cpp">
      <Filter>Source Files</Filter>
    </ClCompile>
    <ClCompile Include="ComHelper.cpp">
      <Filter>Source Files</Filter>
    </ClCompile>
    <ClCompile Include="frmFormulaSetting.cpp">
      <Filter>Source Files</Filter>
    </ClCompile>
    <ClCompile Include="frmWorkLog.cpp">
      <Filter>Source Files</Filter>
    </ClCompile>
    <ClCompile Include="CFormulaParam.cpp">
      <Filter>Source Files</Filter>
    </ClCompile>
    <ClCompile Include="GeneratedFiles\Debug\moc_frmWorkLog.cpp">
      <Filter>Generated Files\Debug</Filter>
    </ClCompile>
    <ClCompile Include="GeneratedFiles\Release\moc_frmWorkLog.cpp">
      <Filter>Generated Files\Release</Filter>
    </ClCompile>
    <ClCompile Include="GeneratedFiles\Debug\moc_frmMainWidget.cpp">
      <Filter>Generated Files\Debug</Filter>
    </ClCompile>
    <ClCompile Include="GeneratedFiles\Release\moc_frmMainWidget.cpp">
      <Filter>Generated Files\Release</Filter>
    </ClCompile>
    <ClCompile Include="GeneratedFiles\Debug\moc_frmRecipeSetting.cpp">
      <Filter>Generated Files\Debug</Filter>
    </ClCompile>
    <ClCompile Include="GeneratedFiles\Release\moc_frmRecipeSetting.cpp">
      <Filter>Generated Files\Release</Filter>
    </ClCompile>
    <ClCompile Include="GeneratedFiles\Debug\moc_frmPrepareDrug.cpp">
      <Filter>Generated Files\Debug</Filter>
    </ClCompile>
    <ClCompile Include="GeneratedFiles\Release\moc_frmPrepareDrug.cpp">
      <Filter>Generated Files\Release</Filter>
    </ClCompile>
    <ClCompile Include="GeneratedFiles\Debug\moc_frmFormulaSetting.cpp">
      <Filter>Generated Files\Debug</Filter>
    </ClCompile>
    <ClCompile Include="GeneratedFiles\Release\moc_frmFormulaSetting.cpp">
      <Filter>Generated Files\Release</Filter>
    </ClCompile>
    <ClCompile Include="GeneratedFiles\Debug\moc_frmDispenseProcess.cpp">
      <Filter>Generated Files\Debug</Filter>
    </ClCompile>
    <ClCompile Include="GeneratedFiles\Release\moc_frmDispenseProcess.cpp">
      <Filter>Generated Files\Release</Filter>
    </ClCompile>
    <ClCompile Include="GeneratedFiles\Debug\moc_frmSystemParamSetting.cpp">
      <Filter>Generated Files\Debug</Filter>
    </ClCompile>
    <ClCompile Include="GeneratedFiles\Release\moc_frmSystemParamSetting.cpp">
      <Filter>Generated Files\Release</Filter>
    </ClCompile>
    <ClCompile Include="GeneratedFiles\Debug\moc_frmSystemSetting.cpp">
      <Filter>Generated Files\Debug</Filter>
    </ClCompile>
    <ClCompile Include="GeneratedFiles\Release\moc_frmSystemSetting.cpp">
      <Filter>Generated Files\Release</Filter>
    </ClCompile>
    <ClCompile Include="GeneratedFiles\Debug\moc_frmReadFormula.cpp">
      <Filter>Generated Files\Debug</Filter>
    </ClCompile>
    <ClCompile Include="GeneratedFiles\Release\moc_frmReadFormula.cpp">
      <Filter>Generated Files\Release</Filter>
    </ClCompile>
    <ClCompile Include="GeneratedFiles\Debug\moc_frmDispenseFinish.cpp">
      <Filter>Generated Files\Debug</Filter>
    </ClCompile>
    <ClCompile Include="GeneratedFiles\Release\moc_frmDispenseFinish.cpp">
      <Filter>Generated Files\Release</Filter>
    </ClCompile>
    <ClCompile Include="GeneratedFiles\Debug\moc_frmAccountManager.cpp">
      <Filter>Generated Files\Debug</Filter>
    </ClCompile>
    <ClCompile Include="GeneratedFiles\Release\moc_frmAccountManager.cpp">
      <Filter>Generated Files\Release</Filter>
    </ClCompile>
    <ClCompile Include="GeneratedFiles\Debug\moc_frmSelfTest.cpp">
      <Filter>Generated Files\Debug</Filter>
    </ClCompile>
    <ClCompile Include="GeneratedFiles\Release\moc_frmSelfTest.cpp">
      <Filter>Generated Files\Release</Filter>
    </ClCompile>
    <ClCompile Include="GeneratedFiles\Debug\moc_GlobalParam.cpp">
      <Filter>Generated Files\Debug</Filter>
    </ClCompile>
    <ClCompile Include="GeneratedFiles\Release\moc_GlobalParam.cpp">
      <Filter>Generated Files\Release</Filter>
    </ClCompile>
    <ClCompile Include="GlobalParam.cpp">
      <Filter>Source Files</Filter>
    </ClCompile>
    <ClCompile Include="GeneratedFiles\Debug\moc_motofun.cpp">
      <Filter>Generated Files\Debug</Filter>
    </ClCompile>
    <ClCompile Include="GeneratedFiles\Release\moc_motofun.cpp">
      <Filter>Generated Files\Release</Filter>
    </ClCompile>
    <ClCompile Include="motofun.cpp">
      <Filter>Source Files</Filter>
    </ClCompile>
    <ClCompile Include="mythread.cpp">
      <Filter>Source Files</Filter>
    </ClCompile>
    <ClCompile Include="GeneratedFiles\Debug\moc_mythread.cpp">
      <Filter>Generated Files\Debug</Filter>
    </ClCompile>
    <ClCompile Include="GeneratedFiles\Release\moc_mythread.cpp">
      <Filter>Generated Files\Release</Filter>
    </ClCompile>
    <ClCompile Include="cthermometer.cpp">
      <Filter>Source Files</Filter>
    </ClCompile>
    <ClCompile Include="GeneratedFiles\Debug\moc_cthermometer.cpp">
      <Filter>Generated Files\Debug</Filter>
    </ClCompile>
    <ClCompile Include="GeneratedFiles\Release\moc_cthermometer.cpp">
      <Filter>Generated Files\Release</Filter>
    </ClCompile>
    <ClCompile Include="GeneratedFiles\Debug\moc_FormulaManager.cpp">
      <Filter>Generated Files\Debug</Filter>
    </ClCompile>
    <ClCompile Include="GeneratedFiles\Release\moc_FormulaManager.cpp">
      <Filter>Generated Files\Release</Filter>
    </ClCompile>
    <ClCompile Include="GeneratedFiles\Debug\moc_MotorManager.cpp">
      <Filter>Generated Files\Debug</Filter>
    </ClCompile>
    <ClCompile Include="GeneratedFiles\Release\moc_MotorManager.cpp">
      <Filter>Generated Files\Release</Filter>
    </ClCompile>
    <ClCompile Include="GeneratedFiles\Debug\moc_CFormulaParam.cpp">
      <Filter>Generated Files\Debug</Filter>
    </ClCompile>
    <ClCompile Include="GeneratedFiles\Release\moc_CFormulaParam.cpp">
      <Filter>Generated Files\Release</Filter>
    </ClCompile>
  </ItemGroup>
  <ItemGroup>
    <QtMoc Include="motorTest1.h">
      <Filter>Header Files</Filter>
    </QtMoc>
    <QtMoc Include="App.h">
      <Filter>Header Files</Filter>
    </QtMoc>
    <QtMoc Include="frmLogin.h">
      <Filter>Header Files</Filter>
    </QtMoc>
    <QtMoc Include="AppInit.h">
      <Filter>Header Files</Filter>
    </QtMoc>
    <QtMoc Include="FsmState2.h">
      <Filter>Header Files</Filter>
    </QtMoc>
    <QtMoc Include="MyHelp.h">
      <Filter>Header Files</Filter>
    </QtMoc>
    <QtMoc Include="ForceSensorModule.h">
      <Filter>Header Files</Filter>
    </QtMoc>
    <QtMoc Include="TestForm1.h">
      <Filter>Header Files</Filter>
    </QtMoc>
    <QtMoc Include="User.h">
      <Filter>Header Files</Filter>
    </QtMoc>
    <QtMoc Include="UserManager.h">
      <Filter>Header Files</Filter>
    </QtMoc>
    <QtMoc Include="ComHelper.h">
      <Filter>Header Files</Filter>
    </QtMoc>
    <QtMoc Include="cthermometer.h">
      <Filter>Header Files</Filter>
    </QtMoc>
  </ItemGroup>
  <ItemGroup>
    <QtUic Include="motorTest1.ui">
      <Filter>Form Files</Filter>
    </QtUic>
    <QtUic Include="frmLogin.ui">
      <Filter>Form Files</Filter>
    </QtUic>
    <QtUic Include="frmMainWidget.ui">
      <Filter>Form Files</Filter>
    </QtUic>
    <QtUic Include="frmReadFormula.ui">
      <Filter>Form Files</Filter>
    </QtUic>
    <QtUic Include="frmSelfTest.ui">
      <Filter>Form Files</Filter>
    </QtUic>
    <QtUic Include="frmPrepareDrug.ui">
      <Filter>Form Files</Filter>
    </QtUic>
    <QtUic Include="frmDispenseProcess.ui">
      <Filter>Form Files</Filter>
    </QtUic>
    <QtUic Include="frmDispenseFinish.ui">
      <Filter>Form Files</Filter>
    </QtUic>
    <QtUic Include="frmRecipeSetting.ui">
      <Filter>Form Files</Filter>
    </QtUic>
    <QtUic Include="frmSystemSetting.ui">
      <Filter>Form Files</Filter>
    </QtUic>
    <QtUic Include="frmSystemParamSetting.ui">
      <Filter>Form Files</Filter>
    </QtUic>
    <QtUic Include="frmAccountManager.ui">
      <Filter>Form Files</Filter>
    </QtUic>
    <QtUic Include="TestForm1.ui">
      <Filter>Form Files</Filter>
    </QtUic>
    <QtUic Include="frmFormulaSetting.ui">
      <Filter>Form Files</Filter>
    </QtUic>
    <QtUic Include="frmWorkLog.ui">
      <Filter>Form Files</Filter>
    </QtUic>
  </ItemGroup>
  <ItemGroup>
    <QtRcc Include="motorTest1.qrc">
      <Filter>Resource Files</Filter>
    </QtRcc>
  </ItemGroup>
  <ItemGroup>
    <ClInclude Include="SCLLibHelper.h">
      <Filter>Header Files</Filter>
    </ClInclude>
    <ClInclude Include="fscommon.h">
      <Filter>Header Files</Filter>
    </ClInclude>
    <ClInclude Include="common.h">
      <Filter>Header Files</Filter>
    </ClInclude>
    <ClInclude Include="dbconnection.h">
      <Filter>Header Files</Filter>
    </ClInclude>
    <ClInclude Include="resource.h">
      <Filter>Header Files</Filter>
    </ClInclude>
    <ClInclude Include="MOTOCommon.h">
      <Filter>Header Files</Filter>
    </ClInclude>
  </ItemGroup>
  <ItemGroup>
    <CustomBuild Include="frmWorkLog.h">
      <Filter>Header Files</Filter>
    </CustomBuild>
    <CustomBuild Include="frmMainWidget.h">
      <Filter>Header Files</Filter>
    </CustomBuild>
    <CustomBuild Include="frmRecipeSetting.h">
      <Filter>Header Files</Filter>
    </CustomBuild>
    <CustomBuild Include="frmPrepareDrug.h">
      <Filter>Header Files</Filter>
    </CustomBuild>
    <CustomBuild Include="frmFormulaSetting.h">
      <Filter>Header Files</Filter>
    </CustomBuild>
    <CustomBuild Include="frmDispenseProcess.h">
      <Filter>Header Files</Filter>
    </CustomBuild>
    <CustomBuild Include="frmSystemParamSetting.h">
      <Filter>Header Files</Filter>
    </CustomBuild>
    <CustomBuild Include="frmSystemSetting.h">
      <Filter>Header Files</Filter>
    </CustomBuild>
    <CustomBuild Include="frmReadFormula.h">
      <Filter>Header Files</Filter>
    </CustomBuild>
    <CustomBuild Include="frmDispenseFinish.h">
      <Filter>Header Files</Filter>
    </CustomBuild>
    <CustomBuild Include="frmAccountManager.h">
      <Filter>Header Files</Filter>
    </CustomBuild>
    <CustomBuild Include="frmSelfTest.h">
      <Filter>Header Files</Filter>
    </CustomBuild>
    <CustomBuild Include="GlobalParam.h">
      <Filter>Header Files</Filter>
    </CustomBuild>
    <CustomBuild Include="motofun.h">
      <Filter>Header Files</Filter>
    </CustomBuild>
    <CustomBuild Include="mythread.h">
      <Filter>Header Files</Filter>
    </CustomBuild>
    <CustomBuild Include="FormulaManager.h">
      <Filter>Header Files</Filter>
    </CustomBuild>
    <CustomBuild Include="MotorManager.h">
      <Filter>Header Files</Filter>
    </CustomBuild>
    <CustomBuild Include="CFormulaParam.h">
      <Filter>Header Files</Filter>
    </CustomBuild>
  </ItemGroup>
  <ItemGroup>
    <ResourceCompile Include="Dispense.rc" />
  </ItemGroup>
</Project>